Microsoft Visual Studio Solution File, Format Version 11.00
# Visual Studio 2008

Project("{265B5CE1-43C9-44F1-8018-9B0D8C23594C}") = "StealthPlatformer", "Assembly-CSharp.csproj", "{F03373DE-48FF-105C-EBBB-309A527795EB}"
EndProject
Global
	GlobalSection(SolutionConfigurationPlatforms) = preSolution
		Debug|Any CPU = Debug|Any CPU
		Release|Any CPU = Release|Any CPU
	EndGlobalSection
	GlobalSection(ProjectConfigurationPlatforms) = postSolution
		{F03373DE-48FF-105C-EBBB-309A527795EB}.Debug|Any CPU.ActiveCfg = Debug|Any CPU
		{F03373DE-48FF-105C-EBBB-309A527795EB}.Debug|Any CPU.Build.0 = Debug|Any CPU
		{F03373DE-48FF-105C-EBBB-309A527795EB}.Release|Any CPU.ActiveCfg = Release|Any CPU
		{F03373DE-48FF-105C-EBBB-309A527795EB}.Release|Any CPU.Build.0 = Release|Any CPU
	EndGlobalSection
	GlobalSection(SolutionProperties) = preSolution
		HideSolutionNode = FALSE
	EndGlobalSection
	GlobalSection(MonoDevelopProperties) = preSolution
		StartupItem = Assembly-CSharp.csproj
	EndGlobalSection
EndGlobal
